// !$*UTF8*$!
{
	archiveVersion = 1;
	classes = {
	};
	objectVersion = 55;
	objects = {

/* Begin PBXBuildFile section */
		53715E4E27203976003D61C5 /* SheetViewModel.swift in Sources */ = {isa = PBXBuildFile; fileRef = 53715E4D27203976003D61C5 /* SheetViewModel.swift */; };
		53715E50272039AA003D61C5 /* SheetView.swift in Sources */ = {isa = PBXBuildFile; fileRef = 53715E4F272039AA003D61C5 /* SheetView.swift */; };
		53F18D11271D564F00369A15 /* BindingTesterApp.swift in Sources */ = {isa = PBXBuildFile; fileRef = 53F18D10271D564F00369A15 /* BindingTesterApp.swift */; };
		53F18D13271D564F00369A15 /* RootView.swift in Sources */ = {isa = PBXBuildFile; fileRef = 53F18D12271D564F00369A15 /* RootView.swift */; };
		53F18D15271D565000369A15 /* Assets.xcassets in Resources */ = {isa = PBXBuildFile; fileRef = 53F18D14271D565000369A15 /* Assets.xcassets */; };
		53F18D18271D565000369A15 /* Preview Assets.xcassets in Resources */ = {isa = PBXBuildFile; fileRef = 53F18D17271D565000369A15 /* Preview Assets.xcassets */; };
		53F18D3E271D56AD00369A15 /* SheetViewModelTest.swift in Sources */ = {isa = PBXBuildFile; fileRef = 53F18D3D271D56AD00369A15 /* SheetViewModelTest.swift */; };
/* End PBXBuildFile section */

/* Begin PBXContainerItemProxy section */
		53F18D1E271D565000369A15 /* PBXContainerItemProxy */ = {
			isa = PBXContainerItemProxy;
			containerPortal = 53F18D05271D564F00369A15 /* Project object */;
			proxyType = 1;
			remoteGlobalIDString = 53F18D0C271D564F00369A15;
			remoteInfo = BindingTester;
		};
/* End PBXContainerItemProxy section */

/* Begin PBXFileReference section */
		53715E4D27203976003D61C5 /* SheetViewModel.swift */ = {isa = PBXFileReference; lastKnownFileType = sourcecode.swift; path = SheetViewModel.swift; sourceTree = "<group>"; };
		53715E4F272039AA003D61C5 /* SheetView.swift */ = {isa = PBXFileReference; lastKnownFileType = sourcecode.swift; path = SheetView.swift; sourceTree = "<group>"; };
		53F18D0D271D564F00369A15 /* BindingTester.app */ = {isa = PBXFileReference; explicitFileType = wrapper.application; includeInIndex = 0; path = BindingTester.app; sourceTree = BUILT_PRODUCTS_DIR; };
		53F18D10271D564F00369A15 /* BindingTesterApp.swift */ = {isa = PBXFileReference; lastKnownFileType = sourcecode.swift; path = BindingTesterApp.swift; sourceTree = "<group>"; };
		53F18D12271D564F00369A15 /* RootView.swift */ = {isa = PBXFileReference; lastKnownFileType = sourcecode.swift; path = RootView.swift; sourceTree = "<group>"; };
		53F18D14271D565000369A15 /* Assets.xcassets */ = {isa = PBXFileReference; lastKnownFileType = folder.assetcatalog; path = Assets.xcassets; sourceTree = "<group>"; };
		53F18D17271D565000369A15 /* Preview Assets.xcassets */ = {isa = PBXFileReference; lastKnownFileType = folder.assetcatalog; path = "Preview Assets.xcassets"; sourceTree = "<group>"; };
		53F18D1D271D565000369A15 /* BindingTesterTests.xctest */ = {isa = PBXFileReference; explicitFileType = wrapper.cfbundle; includeInIndex = 0; path = BindingTesterTests.xctest; sourceTree = BUILT_PRODUCTS_DIR; };
		53F18D3D271D56AD00369A15 /* SheetViewModelTest.swift */ = {isa = PBXFileReference; lastKnownFileType = sourcecode.swift; path = SheetViewModelTest.swift; sourceTree = "<group>"; };
/* End PBXFileReference section */

/* Begin PBXFrameworksBuildPhase section */
		53F18D0A271D564F00369A15 /* Frameworks */ = {
			isa = PBXFrameworksBuildPhase;
			buildActionMask = 2147483647;
			files = (
			);
			runOnlyForDeploymentPostprocessing = 0;
		};
		53F18D1A271D565000369A15 /* Frameworks */ = {
			isa = PBXFrameworksBuildPhase;
			buildActionMask = 2147483647;
			files = (
			);
			runOnlyForDeploymentPostprocessing = 0;
		};
/* End PBXFrameworksBuildPhase section */

/* Begin PBXGroup section */
		5340153A27204C2E00B78C26 /* RootView */ = {
			isa = PBXGroup;
			children = (
				53F18D12271D564F00369A15 /* RootView.swift */,
			);
			path = RootView;
			sourceTree = "<group>";
		};
		5340153B27204C3900B78C26 /* SheetView */ = {
			isa = PBXGroup;
			children = (
				53715E4D27203976003D61C5 /* SheetViewModel.swift */,
				53715E4F272039AA003D61C5 /* SheetView.swift */,
			);
			path = SheetView;
			sourceTree = "<group>";
		};
		53F18D04271D564F00369A15 = {
			isa = PBXGroup;
			children = (
				53F18D0F271D564F00369A15 /* BindingTester */,
				53F18D20271D565000369A15 /* BindingTesterTests */,
				53F18D0E271D564F00369A15 /* Products */,
			);
			sourceTree = "<group>";
		};
		53F18D0E271D564F00369A15 /* Products */ = {
			isa = PBXGroup;
			children = (
				53F18D0D271D564F00369A15 /* BindingTester.app */,
				53F18D1D271D565000369A15 /* BindingTesterTests.xctest */,
			);
			name = Products;
			sourceTree = "<group>";
		};
		53F18D0F271D564F00369A15 /* BindingTester */ = {
			isa = PBXGroup;
			children = (
				53F18D10271D564F00369A15 /* BindingTesterApp.swift */,
				5340153A27204C2E00B78C26 /* RootView */,
				5340153B27204C3900B78C26 /* SheetView */,
				53F18D14271D565000369A15 /* Assets.xcassets */,
				53F18D16271D565000369A15 /* Preview Content */,
			);
			path = BindingTester;
			sourceTree = "<group>";
		};
		53F18D16271D565000369A15 /* Preview Content */ = {
			isa = PBXGroup;
			children = (
				53F18D17271D565000369A15 /* Preview Assets.xcassets */,
			);
			path = "Preview Content";
			sourceTree = "<group>";
		};
		53F18D20271D565000369A15 /* BindingTesterTests */ = {
			isa = PBXGroup;
			children = (
				53F18D3D271D56AD00369A15 /* SheetViewModelTest.swift */,
			);
			path = BindingTesterTests;
			sourceTree = "<group>";
		};
/* End PBXGroup section */

/* Begin PBXNativeTarget section */
		53F18D0C271D564F00369A15 /* BindingTester */ = {
			isa = PBXNativeTarget;
			buildConfigurationList = 53F18D31271D565000369A15 /* Build configuration list for PBXNativeTarget "BindingTester" */;
			buildPhases = (
				53F18D09271D564F00369A15 /* Sources */,
				53F18D0A271D564F00369A15 /* Frameworks */,
				53F18D0B271D564F00369A15 /* Resources */,
			);
			buildRules = (
			);
			dependencies = (
			);
			name = BindingTester;
			productName = BindingTester;
			productReference = 53F18D0D271D564F00369A15 /* BindingTester.app */;
			productType = "com.apple.product-type.application";
		};
		53F18D1C271D565000369A15 /* BindingTesterTests */ = {
			isa = PBXNativeTarget;
			buildConfigurationList = 53F18D34271D565000369A15 /* Build configuration list for PBXNativeTarget "BindingTesterTests" */;
			buildPhases = (
				53F18D19271D565000369A15 /* Sources */,
				53F18D1A271D565000369A15 /* Frameworks */,
				53F18D1B271D565000369A15 /* Resources */,
			);
			buildRules = (
			);
			dependencies = (
				53F18D1F271D565000369A15 /* PBXTargetDependency */,
			);
			name = BindingTesterTests;
			productName = BindingTesterTests;
			productReference = 53F18D1D271D565000369A15 /* BindingTesterTests.xctest */;
			productType = "com.apple.product-type.bundle.unit-test";
		};
/* End PBXNativeTarget section */

/* Begin PBXProject section */
		53F18D05271D564F00369A15 /* Project object */ = {
			isa = PBXProject;
			attributes = {
				BuildIndependentTargetsInParallel = 1;
				LastSwiftUpdateCheck = 1300;
				LastUpgradeCheck = 1300;
				TargetAttributes = {
					53F18D0C271D564F00369A15 = {
						CreatedOnToolsVersion = 13.0;
					};
					53F18D1C271D565000369A15 = {
						CreatedOnToolsVersion = 13.0;
						TestTargetID = 53F18D0C271D564F00369A15;
					};
				};
			};
			buildConfigurationList = 53F18D08271D564F00369A15 /* Build configuration list for PBXProject "BindingTester" */;
			compatibilityVersion = "Xcode 13.0";
			developmentRegion = en;
			hasScannedForEncodings = 0;
			knownRegions = (
				en,
				Base,
			);
			mainGroup = 53F18D04271D564F00369A15;
			productRefGroup = 53F18D0E271D564F00369A15 /* Products */;
			projectDirPath = "";
			projectRoot = "";
			targets = (
				53F18D0C271D564F00369A15 /* BindingTester */,
				53F18D1C271D565000369A15 /* BindingTesterTests */,
			);
		};
/* End PBXProject section */

/* Begin PBXResourcesBuildPhase section */
		53F18D0B271D564F00369A15 /* Resources */ = {
			isa = PBXResourcesBuildPhase;
			buildActionMask = 2147483647;
			files = (
				53F18D18271D565000369A15 /* Preview Assets.xcassets in Resources */,
				53F18D15271D565000369A15 /* Assets.xcassets in Resources */,
			);
			runOnlyForDeploymentPostprocessing = 0;
		};
		53F18D1B271D565000369A15 /* Resources */ = {
			isa = PBXResourcesBuildPhase;
			buildActionMask = 2147483647;
			files = (
			);
			runOnlyForDeploymentPostprocessing = 0;
		};
/* End PBXResourcesBuildPhase section */

/* Begin PBXSourcesBuildPhase section */
		53F18D09271D564F00369A15 /* Sources */ = {
			isa = PBXSourcesBuildPhase;
			buildActionMask = 2147483647;
			files = (
				53715E4E27203976003D61C5 /* SheetViewModel.swift in Sources */,
				53F18D13271D564F00369A15 /* RootView.swift in Sources */,
				53715E50272039AA003D61C5 /* SheetView.swift in Sources */,
				53F18D11271D564F00369A15 /* BindingTesterApp.swift in Sources */,
			);
			runOnlyForDeploymentPostprocessing = 0;
		};
		53F18D19271D565000369A15 /* Sources */ = {
			isa = PBXSourcesBuildPhase;
			buildActionMask = 2147483647;
			files = (
				53F18D3E271D56AD00369A15 /* SheetViewModelTest.swift in Sources */,
			);
			runOnlyForDeploymentPostprocessing = 0;
		};
/* End PBXSourcesBuildPhase section */

/* Begin PBXTargetDependency section */
		53F18D1F271D565000369A15 /* PBXTargetDependency */ = {
			isa = PBXTargetDependency;
			target = 53F18D0C271D564F00369A15 /* BindingTester */;
			targetProxy = 53F18D1E271D565000369A15 /* PBXContainerItemProxy */;
		};
/* End PBXTargetDependency section */

/* Begin XCBuildConfiguration section */
		53F18D2F271D565000369A15 /* Debug */ = {
			isa = XCBuildConfiguration;
			buildSettings = {
				ALWAYS_SEARCH_USER_PATHS = NO;
				CLANG_ANALYZER_NONNULL = YES;
				CLANG_ANALYZER_NUMBER_OBJECT_CONVERSION = YES_AGGRESSIVE;
				CLANG_CXX_LANGUAGE_STANDARD = "gnu++17";
				CLANG_CXX_LIBRARY = "libc++";
				CLANG_ENABLE_MODULES = YES;
				CLANG_ENABLE_OBJC_ARC = YES;
				CLANG_ENABLE_OBJC_WEAK = YES;
				CLANG_WARN_BLOCK_CAPTURE_AUTORELEASING = YES;
				CLANG_WARN_BOOL_CONVERSION = YES;
				CLANG_WARN_COMMA = YES;
				CLANG_WARN_CONSTANT_CONVERSION = YES;
				CLANG_WARN_DEPRECATED_OBJC_IMPLEMENTATIONS = YES;
				CLANG_WARN_DIRECT_OBJC_ISA_USAGE = YES_ERROR;
				CLANG_WARN_DOCUMENTATION_COMMENTS = YES;
				CLANG_WARN_EMPTY_BODY = YES;
				CLANG_WARN_ENUM_CONVERSION = YES;
				CLANG_WARN_INFINITE_RECURSION = YES;
				CLANG_WARN_INT_CONVERSION = YES;
				CLANG_WARN_NON_LITERAL_NULL_CONVERSION = YES;
				CLANG_WARN_OBJC_IMPLICIT_RETAIN_SELF = YES;
				CLANG_WARN_OBJC_LITERAL_CONVERSION = YES;
				CLANG_WARN_OBJC_ROOT_CLASS = YES_ERROR;
				CLANG_WARN_QUOTED_INCLUDE_IN_FRAMEWORK_HEADER = YES;
				CLANG_WARN_RANGE_LOOP_ANALYSIS = YES;
				CLANG_WARN_STRICT_PROTOTYPES = YES;
				CLANG_WARN_SUSPICIOUS_MOVE = YES;
				CLANG_WARN_UNGUARDED_AVAILABILITY = YES_AGGRESSIVE;
				CLANG_WARN_UNREACHABLE_CODE = YES;
				CLANG_WARN__DUPLICATE_METHOD_MATCH = YES;
				COPY_PHASE_STRIP = NO;
				DEBUG_INFORMATION_FORMAT = dwarf;
				ENABLE_STRICT_OBJC_MSGSEND = YES;
				ENABLE_TESTABILITY = YES;
				GCC_C_LANGUAGE_STANDARD = gnu11;
				GCC_DYNAMIC_NO_PIC = NO;
				GCC_NO_COMMON_BLOCKS = YES;
				GCC_OPTIMIZATION_LEVEL = 0;
				GCC_PREPROCESSOR_DEFINITIONS = (
					"DEBUG=1",
					"$(inherited)",
				);
				GCC_WARN_64_TO_32_BIT_CONVERSION = YES;
				GCC_WARN_ABOUT_RETURN_TYPE = YES_ERROR;
				GCC_WARN_UNDECLARED_SELECTOR = YES;
				GCC_WARN_UNINITIALIZED_AUTOS = YES_AGGRESSIVE;
				GCC_WARN_UNUSED_FUNCTION = YES;
				GCC_WARN_UNUSED_VARIABLE = YES;
				IPHONEOS_DEPLOYMENT_TARGET = 15.0;
				MTL_ENABLE_DEBUG_INFO = INCLUDE_SOURCE;
				MTL_FAST_MATH = YES;
				ONLY_ACTIVE_ARCH = YES;
				SDKROOT = iphoneos;
				SWIFT_ACTIVE_COMPILATION_CONDITIONS = DEBUG;
				SWIFT_OPTIMIZATION_LEVEL = "-Onone";
			};
			name = Debug;
		};
		53F18D30271D565000369A15 /* Release */ = {
			isa = XCBuildConfiguration;
			buildSettings = {
				ALWAYS_SEARCH_USER_PATHS = NO;
				CLANG_ANALYZER_NONNULL = YES;
				CLANG_ANALYZER_NUMBER_OBJECT_CONVERSION = YES_AGGRESSIVE;
				CLANG_CXX_LANGUAGE_STANDARD = "gnu++17";
				CLANG_CXX_LIBRARY = "libc++";
				CLANG_ENABLE_MODULES = YES;
				CLANG_ENABLE_OBJC_ARC = YES;
				CLANG_ENABLE_OBJC_WEAK = YES;
				CLANG_WARN_BLOCK_CAPTURE_AUTORELEASING = YES;
				CLANG_WARN_BOOL_CONVERSION = YES;
				CLANG_WARN_COMMA = YES;
				CLANG_WARN_CONSTANT_CONVERSION = YES;
				CLANG_WARN_DEPRECATED_OBJC_IMPLEMENTATIONS = YES;
				CLANG_WARN_DIRECT_OBJC_ISA_USAGE = YES_ERROR;
				CLANG_WARN_DOCUMENTATION_COMMENTS = YES;
				CLANG_WARN_EMPTY_BODY = YES;
				CLANG_WARN_ENUM_CONVERSION = YES;
				CLANG_WARN_INFINITE_RECURSION = YES;
				CLANG_WARN_INT_CONVERSION = YES;
				CLANG_WARN_NON_LITERAL_NULL_CONVERSION = YES;
				CLANG_WARN_OBJC_IMPLICIT_RETAIN_SELF = YES;
				CLANG_WARN_OBJC_LITERAL_CONVERSION = YES;
				CLANG_WARN_OBJC_ROOT_CLASS = YES_ERROR;
				CLANG_WARN_QUOTED_INCLUDE_IN_FRAMEWORK_HEADER = YES;
				CLANG_WARN_RANGE_LOOP_ANALYSIS = YES;
				CLANG_WARN_STRICT_PROTOTYPES = YES;
				CLANG_WARN_SUSPICIOUS_MOVE = YES;
				CLANG_WARN_UNGUARDED_AVAILABILITY = YES_AGGRESSIVE;
				CLANG_WARN_UNREACHABLE_CODE = YES;
				CLANG_WARN__DUPLICATE_METHOD_MATCH = YES;
				COPY_PHASE_STRIP = NO;
				DEBUG_INFORMATION_FORMAT = "dwarf-with-dsym";
				ENABLE_NS_ASSERTIONS = NO;
				ENABLE_STRICT_OBJC_MSGSEND = YES;
				GCC_C_LANGUAGE_STANDARD = gnu11;
				GCC_NO_COMMON_BLOCKS = YES;
				GCC_WARN_64_TO_32_BIT_CONVERSION = YES;
				GCC_WARN_ABOUT_RETURN_TYPE = YES_ERROR;
				GCC_WARN_UNDECLARED_SELECTOR = YES;
				GCC_WARN_UNINITIALIZED_AUTOS = YES_AGGRESSIVE;
				GCC_WARN_UNUSED_FUNCTION = YES;
				GCC_WARN_UNUSED_VARIABLE = YES;
				IPHONEOS_DEPLOYMENT_TARGET = 15.0;
				MTL_ENABLE_DEBUG_INFO = NO;
				MTL_FAST_MATH = YES;
				SDKROOT = iphoneos;
				SWIFT_COMPILATION_MODE = wholemodule;
				SWIFT_OPTIMIZATION_LEVEL = "-O";
				VALIDATE_PRODUCT = YES;
			};
			name = Release;
		};
		53F18D32271D565000369A15 /* Debug */ = {
			isa = XCBuildConfiguration;
			buildSettings = {
				ASSETCATALOG_COMPILER_APPICON_NAME = AppIcon;
				ASSETCATALOG_COMPILER_GLOBAL_ACCENT_COLOR_NAME = AccentColor;
				CODE_SIGN_STYLE = Automatic;
				CURRENT_PROJECT_VERSION = 1;
				DEVELOPMENT_ASSET_PATHS = "\"BindingTester/Preview Content\"";
				DEVELOPMENT_TEAM = 2NG6YF3PM2;
				ENABLE_PREVIEWS = YES;
				GENERATE_INFOPLIST_FILE = YES;
				INFOPLIST_KEY_UIApplicationSceneManifest_Generation = YES;
				INFOPLIST_KEY_UIApplicationSupportsIndirectInputEvents = YES;
				INFOPLIST_KEY_UILaunchScreen_Generation = YES;
				INFOPLIST_KEY_UISupportedInterfaceOrientations_iPad = "UIInterfaceOrientationPortrait UIInterfaceOrientationPortraitUpsideDown UIInterfaceOrientationLandscapeLeft UIInterfaceOrientationLandscapeRight";
				INFOPLIST_KEY_UISupportedInterfaceOrientations_iPhone = "UIInterfaceOrientationPortrait UIInterfaceOrientationLandscapeLeft UIInterfaceOrientationLandscapeRight";
				IPHONEOS_DEPLOYMENT_TARGET = 14.0;
				LD_RUNPATH_SEARCH_PATHS = (
					"$(inherited)",
					"@executable_path/Frameworks",
				);
				MARKETING_VERSION = 1.0;
				PRODUCT_BUNDLE_IDENTIFIER = ch.admin.foitt.BindingTester;
				PRODUCT_NAME = "$(TARGET_NAME)";
				SWIFT_EMIT_LOC_STRINGS = YES;
				SWIFT_VERSION = 5.0;
				TARGETED_DEVICE_FAMILY = "1,2";
			};
			name = Debug;
		};
		53F18D33271D565000369A15 /* Release */ = {
			isa = XCBuildConfiguration;
			buildSettings = {
				ASSETCATALOG_COMPILER_APPICON_NAME = AppIcon;
				ASSETCATALOG_COMPILER_GLOBAL_ACCENT_COLOR_NAME = AccentColor;
				CODE_SIGN_STYLE = Automatic;
				CURRENT_PROJECT_VERSION = 1;
				DEVELOPMENT_ASSET_PATHS = "\"BindingTester/Preview Content\"";
				DEVELOPMENT_TEAM = 2NG6YF3PM2;
				ENABLE_PREVIEWS = YES;
				GENERATE_INFOPLIST_FILE = YES;
				INFOPLIST_KEY_UIApplicationSceneManifest_Generation = YES;
				INFOPLIST_KEY_UIApplicationSupportsIndirectInputEvents = YES;
				INFOPLIST_KEY_UILaunchScreen_Generation = YES;
				INFOPLIST_KEY_UISupportedInterfaceOrientations_iPad = "UIInterfaceOrientationPortrait UIInterfaceOrientationPortraitUpsideDown UIInterfaceOrientationLandscapeLeft UIInterfaceOrientationLandscapeRight";
				INFOPLIST_KEY_UISupportedInterfaceOrientations_iPhone = "UIInterfaceOrientationPortrait UIInterfaceOrientationLandscapeLeft UIInterfaceOrientationLandscapeRight";
				IPHONEOS_DEPLOYMENT_TARGET = 14.0;
				LD_RUNPATH_SEARCH_PATHS = (
					"$(inherited)",
					"@executable_path/Frameworks",
				);
				MARKETING_VERSION = 1.0;
				PRODUCT_BUNDLE_IDENTIFIER = ch.admin.foitt.BindingTester;
				PRODUCT_NAME = "$(TARGET_NAME)";
				SWIFT_EMIT_LOC_STRINGS = YES;
				SWIFT_VERSION = 5.0;
				TARGETED_DEVICE_FAMILY = "1,2";
			};
			name = Release;
		};
		53F18D35271D565000369A15 /* Debug */ = {
			isa = XCBuildConfiguration;
			buildSettings = {
				ALWAYS_EMBED_SWIFT_STANDARD_LIBRARIES = YES;
				BUNDLE_LOADER = "$(TEST_HOST)";
				CODE_SIGN_STYLE = Automatic;
				CURRENT_PROJECT_VERSION = 1;
				DEVELOPMENT_TEAM = 2NG6YF3PM2;
				GENERATE_INFOPLIST_FILE = YES;
				IPHONEOS_DEPLOYMENT_TARGET = 14.0;
				LD_RUNPATH_SEARCH_PATHS = (
					"$(inherited)",
					"@executable_path/Frameworks",
					"@loader_path/Frameworks",
				);
				MARKETING_VERSION = 1.0;
				PRODUCT_BUNDLE_IDENTIFIER = ch.admin.foitt.BindingTesterTests;
				PRODUCT_NAME = "$(TARGET_NAME)";
				SWIFT_EMIT_LOC_STRINGS = NO;
				SWIFT_VERSION = 5.0;
				TARGETED_DEVICE_FAMILY = "1,2";
				TEST_HOST = "$(BUILT_PRODUCTS_DIR)/BindingTester.app/BindingTester";
			};
			name = Debug;
		};
		53F18D36271D565000369A15 /* Release */ = {
			isa = XCBuildConfiguration;
			buildSettings = {
				ALWAYS_EMBED_SWIFT_STANDARD_LIBRARIES = YES;
				BUNDLE_LOADER = "$(TEST_HOST)";
				CODE_SIGN_STYLE = Automatic;
				CURRENT_PROJECT_VERSION = 1;
				DEVELOPMENT_TEAM = 2NG6YF3PM2;
				GENERATE_INFOPLIST_FILE = YES;
				IPHONEOS_DEPLOYMENT_TARGET = 14.0;
				LD_RUNPATH_SEARCH_PATHS = (
					"$(inherited)",
					"@executable_path/Frameworks",
					"@loader_path/Frameworks",
				);
				MARKETING_VERSION = 1.0;
				PRODUCT_BUNDLE_IDENTIFIER = ch.admin.foitt.BindingTesterTests;
				PRODUCT_NAME = "$(TARGET_NAME)";
				SWIFT_EMIT_LOC_STRINGS = NO;
				SWIFT_VERSION = 5.0;
				TARGETED_DEVICE_FAMILY = "1,2";
				TEST_HOST = "$(BUILT_PRODUCTS_DIR)/BindingTester.app/BindingTester";
			};
			name = Release;
		};
/* End XCBuildConfiguration section */

/* Begin XCConfigurationList section */
		53F18D08271D564F00369A15 /* Build configuration list for PBXProject "BindingTester" */ = {
			isa = XCConfigurationList;
			buildConfigurations = (
				53F18D2F271D565000369A15 /* Debug */,
				53F18D30271D565000369A15 /* Release */,
			);
			defaultConfigurationIsVisible = 0;
			defaultConfigurationName = Release;
		};
		53F18D31271D565000369A15 /* Build configuration list for PBXNativeTarget "BindingTester" */ = {
			isa = XCConfigurationList;
			buildConfigurations = (
				53F18D32271D565000369A15 /* Debug */,
				53F18D33271D565000369A15 /* Release */,
			);
			defaultConfigurationIsVisible = 0;
			defaultConfigurationName = Release;
		};
		53F18D34271D565000369A15 /* Build configuration list for PBXNativeTarget "BindingTesterTests" */ = {
			isa = XCConfigurationList;
			buildConfigurations = (
				53F18D35271D565000369A15 /* Debug */,
				53F18D36271D565000369A15 /* Release */,
			);
			defaultConfigurationIsVisible = 0;
			defaultConfigurationName = Release;
		};
/* End XCConfigurationList section */
	};
	rootObject = 53F18D05271D564F00369A15 /* Project object */;
}
